
Microsoft Visual Studio Solution File, Format Version 12.00
# Visual Studio Version 16
VisualStudioVersion = 16.0.34601.136
MinimumVisualStudioVersion = 10.0.40219.1
Project("{8BC9CEB8-8B4A-11D0-8D11-00A0C91BC942}") = "SquareOfSum", "SquareOfSum\SquareOfSum.vcxproj", "{02430315-A1DF-4F25-8ABB-0260B18BEFC4}"
EndProject
Global
	GlobalSection(SolutionConfigurationPlatforms) = preSolution
		Debug|x64 = Debug|x64
		Debug|x86 = Debug|x86
		Release|x64 = Release|x64
		Release|x86 = Release|x86
	EndGlobalSection
	GlobalSection(ProjectConfigurationPlatforms) = postSolution
		{02430315-A1DF-4F25-8ABB-0260B18BEFC4}.Debug|x64.ActiveCfg = Debug|x64
		{02430315-A1DF-4F25-8ABB-0260B18BEFC4}.Debug|x64.Build.0 = Debug|x64
		{02430315-A1DF-4F25-8ABB-0260B18BEFC4}.Debug|x86.ActiveCfg = Debug|Win32
		{02430315-A1DF-4F25-8ABB-0260B18BEFC4}.Debug|x86.Build.0 = Debug|Win32
		{02430315-A1DF-4F25-8ABB-0260B18BEFC4}.Release|x64.ActiveCfg = Release|x64
		{02430315-A1DF-4F25-8ABB-0260B18BEFC4}.Release|x64.Build.0 = Release|x64
		{02430315-A1DF-4F25-8ABB-0260B18BEFC4}.Release|x86.ActiveCfg = Release|Win32
		{02430315-A1DF-4F25-8ABB-0260B18BEFC4}.Release|x86.Build.0 = Release|Win32
	EndGlobalSection
	GlobalSection(SolutionProperties) = preSolution
		HideSolutionNode = FALSE
	EndGlobalSection
	GlobalSection(ExtensibilityGlobals) = postSolution
		SolutionGuid = {C39567F1-1A0B-41BF-AE72-D04697113D37}
	EndGlobalSection
EndGlobal
